// !$*UTF8*$!
{
	archiveVersion = 1;
	classes = {
	};
	objectVersion = 56;
	objects = {

/* Begin PBXBuildFile section */
		E43BB95B294B4EC9009476AA /* SDWebImageSwiftUI in Frameworks */ = {isa = PBXBuildFile; productRef = E43BB95A294B4EC9009476AA /* SDWebImageSwiftUI */; };
		E43BB960294B4F74009476AA /* LoginView.swift in Sources */ = {isa = PBXBuildFile; fileRef = E43BB95F294B4F74009476AA /* LoginView.swift */; };
		E43BB962294B4F7F009476AA /* RegisterView.swift in Sources */ = {isa = PBXBuildFile; fileRef = E43BB961294B4F7F009476AA /* RegisterView.swift */; };
		E43BB964294B4FE6009476AA /* View+Extensions.swift in Sources */ = {isa = PBXBuildFile; fileRef = E43BB963294B4FE6009476AA /* View+Extensions.swift */; };
		E43BB966294B5011009476AA /* MainView.swift in Sources */ = {isa = PBXBuildFile; fileRef = E43BB965294B5011009476AA /* MainView.swift */; };
		E43BB968294B503C009476AA /* ReusableProfileContent.swift in Sources */ = {isa = PBXBuildFile; fileRef = E43BB967294B503C009476AA /* ReusableProfileContent.swift */; };
		E43BB96A294B513C009476AA /* EditProfileView.swift in Sources */ = {isa = PBXBuildFile; fileRef = E43BB969294B513C009476AA /* EditProfileView.swift */; };
		E43BB96C294B5D71009476AA /* ShopText.swift in Sources */ = {isa = PBXBuildFile; fileRef = E43BB96B294B5D71009476AA /* ShopText.swift */; };
		E49A662C294988950093E529 /* Plant_Shop_LocalApp.swift in Sources */ = {isa = PBXBuildFile; fileRef = E49A662B294988950093E529 /* Plant_Shop_LocalApp.swift */; };
		E49A662E294988950093E529 /* ContentView.swift in Sources */ = {isa = PBXBuildFile; fileRef = E49A662D294988950093E529 /* ContentView.swift */; };
		E49A6630294988960093E529 /* Assets.xcassets in Resources */ = {isa = PBXBuildFile; fileRef = E49A662F294988960093E529 /* Assets.xcassets */; };
		E49A6633294988960093E529 /* Preview Assets.xcassets in Resources */ = {isa = PBXBuildFile; fileRef = E49A6632294988960093E529 /* Preview Assets.xcassets */; };
		E49A663A29498AC30093E529 /* GoogleService-Info.plist in Resources */ = {isa = PBXBuildFile; fileRef = E49A663929498AC30093E529 /* GoogleService-Info.plist */; };
		E49A663D294993600093E529 /* FirebaseAuth in Frameworks */ = {isa = PBXBuildFile; productRef = E49A663C294993600093E529 /* FirebaseAuth */; };
		E49A6643294994460093E529 /* LoadingView.swift in Sources */ = {isa = PBXBuildFile; fileRef = E49A6642294994460093E529 /* LoadingView.swift */; };
		E49A6645294994600093E529 /* User.swift in Sources */ = {isa = PBXBuildFile; fileRef = E49A6644294994600093E529 /* User.swift */; };
		E49A6648294995CC0093E529 /* FirebaseFirestore in Frameworks */ = {isa = PBXBuildFile; productRef = E49A6647294995CC0093E529 /* FirebaseFirestore */; };
		E49A664A294995CC0093E529 /* FirebaseFirestoreSwift in Frameworks */ = {isa = PBXBuildFile; productRef = E49A6649294995CC0093E529 /* FirebaseFirestoreSwift */; };
		E49A664C294995CC0093E529 /* FirebaseStorage in Frameworks */ = {isa = PBXBuildFile; productRef = E49A664B294995CC0093E529 /* FirebaseStorage */; };
		E4BB57AB2949B864008379DD /* CartManager.swift in Sources */ = {isa = PBXBuildFile; fileRef = E4BB57AA2949B864008379DD /* CartManager.swift */; };
		E4BB57B12949B879008379DD /* Stars.swift in Sources */ = {isa = PBXBuildFile; fileRef = E4BB57AC2949B878008379DD /* Stars.swift */; };
		E4BB57B32949B879008379DD /* ProductCard.swift in Sources */ = {isa = PBXBuildFile; fileRef = E4BB57AE2949B878008379DD /* ProductCard.swift */; };
		E4BB57B42949B879008379DD /* ProductRow.swift in Sources */ = {isa = PBXBuildFile; fileRef = E4BB57AF2949B879008379DD /* ProductRow.swift */; };
		E4BB57B52949B879008379DD /* CartButton.swift in Sources */ = {isa = PBXBuildFile; fileRef = E4BB57B02949B879008379DD /* CartButton.swift */; };
		E4BB57B92949B8D3008379DD /* ProfileView.swift in Sources */ = {isa = PBXBuildFile; fileRef = E4BB57B62949B8D3008379DD /* ProfileView.swift */; };
		E4BB57BA2949B8D3008379DD /* CartView.swift in Sources */ = {isa = PBXBuildFile; fileRef = E4BB57B72949B8D3008379DD /* CartView.swift */; };
		E4BB57BB2949B8D3008379DD /* HomeView.swift in Sources */ = {isa = PBXBuildFile; fileRef = E4BB57B82949B8D3008379DD /* HomeView.swift */; };
		E4BB57BF2949B9E8008379DD /* Product.swift in Sources */ = {isa = PBXBuildFile; fileRef = E4BB57BE2949B9E8008379DD /* Product.swift */; };
		E4BB57C1294A1744008379DD /* Extention+View.swift in Sources */ = {isa = PBXBuildFile; fileRef = E4BB57C0294A1744008379DD /* Extention+View.swift */; };
/* End PBXBuildFile section */

/* Begin PBXFileReference section */
		E43BB95F294B4F74009476AA /* LoginView.swift */ = {isa = PBXFileReference; fileEncoding = 4; lastKnownFileType = sourcecode.swift; path = LoginView.swift; sourceTree = "<group>"; };
		E43BB961294B4F7F009476AA /* RegisterView.swift */ = {isa = PBXFileReference; fileEncoding = 4; lastKnownFileType = sourcecode.swift; path = RegisterView.swift; sourceTree = "<group>"; };
		E43BB963294B4FE6009476AA /* View+Extensions.swift */ = {isa = PBXFileReference; fileEncoding = 4; lastKnownFileType = sourcecode.swift; path = "View+Extensions.swift"; sourceTree = "<group>"; };
		E43BB965294B5011009476AA /* MainView.swift */ = {isa = PBXFileReference; fileEncoding = 4; lastKnownFileType = sourcecode.swift; path = MainView.swift; sourceTree = "<group>"; };
		E43BB967294B503C009476AA /* ReusableProfileContent.swift */ = {isa = PBXFileReference; fileEncoding = 4; lastKnownFileType = sourcecode.swift; path = ReusableProfileContent.swift; sourceTree = "<group>"; };
		E43BB969294B513C009476AA /* EditProfileView.swift */ = {isa = PBXFileReference; fileEncoding = 4; lastKnownFileType = sourcecode.swift; name = EditProfileView.swift; path = ../../../../TheFirstSM/TheFirstSM/View/MainView/EditProfileView.swift; sourceTree = "<group>"; };
		E43BB96B294B5D71009476AA /* ShopText.swift */ = {isa = PBXFileReference; lastKnownFileType = sourcecode.swift; path = ShopText.swift; sourceTree = "<group>"; };
		E49A6628294988950093E529 /* Plant Shop Local.app */ = {isa = PBXFileReference; explicitFileType = wrapper.application; includeInIndex = 0; path = "Plant Shop Local.app"; sourceTree = BUILT_PRODUCTS_DIR; };
		E49A662B294988950093E529 /* Plant_Shop_LocalApp.swift */ = {isa = PBXFileReference; lastKnownFileType = sourcecode.swift; path = Plant_Shop_LocalApp.swift; sourceTree = "<group>"; };
		E49A662D294988950093E529 /* ContentView.swift */ = {isa = PBXFileReference; lastKnownFileType = sourcecode.swift; path = ContentView.swift; sourceTree = "<group>"; };
		E49A662F294988960093E529 /* Assets.xcassets */ = {isa = PBXFileReference; lastKnownFileType = folder.assetcatalog; path = Assets.xcassets; sourceTree = "<group>"; };
		E49A6632294988960093E529 /* Preview Assets.xcassets */ = {isa = PBXFileReference; lastKnownFileType = folder.assetcatalog; path = "Preview Assets.xcassets"; sourceTree = "<group>"; };
		E49A663929498AC30093E529 /* GoogleService-Info.plist */ = {isa = PBXFileReference; fileEncoding = 4; lastKnownFileType = text.plist.xml; path = "GoogleService-Info.plist"; sourceTree = "<group>"; };
		E49A6642294994460093E529 /* LoadingView.swift */ = {isa = PBXFileReference; fileEncoding = 4; lastKnownFileType = sourcecode.swift; path = LoadingView.swift; sourceTree = "<group>"; };
		E49A6644294994600093E529 /* User.swift */ = {isa = PBXFileReference; fileEncoding = 4; lastKnownFileType = sourcecode.swift; path = User.swift; sourceTree = "<group>"; };
		E4BB57AA2949B864008379DD /* CartManager.swift */ = {isa = PBXFileReference; fileEncoding = 4; lastKnownFileType = sourcecode.swift; path = CartManager.swift; sourceTree = "<group>"; };
		E4BB57AC2949B878008379DD /* Stars.swift */ = {isa = PBXFileReference; fileEncoding = 4; lastKnownFileType = sourcecode.swift; path = Stars.swift; sourceTree = "<group>"; };
		E4BB57AE2949B878008379DD /* ProductCard.swift */ = {isa = PBXFileReference; fileEncoding = 4; lastKnownFileType = sourcecode.swift; path = ProductCard.swift; sourceTree = "<group>"; };
		E4BB57AF2949B879008379DD /* ProductRow.swift */ = {isa = PBXFileReference; fileEncoding = 4; lastKnownFileType = sourcecode.swift; path = ProductRow.swift; sourceTree = "<group>"; };
		E4BB57B02949B879008379DD /* CartButton.swift */ = {isa = PBXFileReference; fileEncoding = 4; lastKnownFileType = sourcecode.swift; path = CartButton.swift; sourceTree = "<group>"; };
		E4BB57B62949B8D3008379DD /* ProfileView.swift */ = {isa = PBXFileReference; fileEncoding = 4; lastKnownFileType = sourcecode.swift; path = ProfileView.swift; sourceTree = "<group>"; };
		E4BB57B72949B8D3008379DD /* CartView.swift */ = {isa = PBXFileReference; fileEncoding = 4; lastKnownFileType = sourcecode.swift; path = CartView.swift; sourceTree = "<group>"; };
		E4BB57B82949B8D3008379DD /* HomeView.swift */ = {isa = PBXFileReference; fileEncoding = 4; lastKnownFileType = sourcecode.swift; path = HomeView.swift; sourceTree = "<group>"; };
		E4BB57BE2949B9E8008379DD /* Product.swift */ = {isa = PBXFileReference; fileEncoding = 4; lastKnownFileType = sourcecode.swift; path = Product.swift; sourceTree = "<group>"; };
		E4BB57C0294A1744008379DD /* Extention+View.swift */ = {isa = PBXFileReference; lastKnownFileType = sourcecode.swift; path = "Extention+View.swift"; sourceTree = "<group>"; };
/* End PBXFileReference section */

/* Begin PBXFrameworksBuildPhase section */
		E49A6625294988950093E529 /* Frameworks */ = {
			isa = PBXFrameworksBuildPhase;
			buildActionMask = 2147483647;
			files = (
				E43BB95B294B4EC9009476AA /* SDWebImageSwiftUI in Frameworks */,
				E49A663D294993600093E529 /* FirebaseAuth in Frameworks */,
				E49A664C294995CC0093E529 /* FirebaseStorage in Frameworks */,
				E49A6648294995CC0093E529 /* FirebaseFirestore in Frameworks */,
				E49A664A294995CC0093E529 /* FirebaseFirestoreSwift in Frameworks */,
			);
			runOnlyForDeploymentPostprocessing = 0;
		};
/* End PBXFrameworksBuildPhase section */

/* Begin PBXGroup section */
		E43BB95C294B4F03009476AA /* Login */ = {
			isa = PBXGroup;
			children = (
				E43BB95F294B4F74009476AA /* LoginView.swift */,
				E43BB961294B4F7F009476AA /* RegisterView.swift */,
			);
			path = Login;
			sourceTree = "<group>";
		};
		E43BB95D294B4F16009476AA /* MainView */ = {
			isa = PBXGroup;
			children = (
				E43BB965294B5011009476AA /* MainView.swift */,
				E4BB57B72949B8D3008379DD /* CartView.swift */,
				E4BB57B82949B8D3008379DD /* HomeView.swift */,
				E4BB57B62949B8D3008379DD /* ProfileView.swift */,
				E43BB969294B513C009476AA /* EditProfileView.swift */,
				E43BB967294B503C009476AA /* ReusableProfileContent.swift */,
				E43BB96B294B5D71009476AA /* ShopText.swift */,
			);
			path = MainView;
			sourceTree = "<group>";
		};
		E43BB95E294B4F25009476AA /* Helpers */ = {
			isa = PBXGroup;
			children = (
				E43BB963294B4FE6009476AA /* View+Extensions.swift */,
			);
			path = Helpers;
			sourceTree = "<group>";
		};
		E49A661F294988950093E529 = {
			isa = PBXGroup;
			children = (
				E49A662A294988950093E529 /* Plant Shop Local */,
				E49A6629294988950093E529 /* Products */,
				E49A6646294995CC0093E529 /* Frameworks */,
			);
			sourceTree = "<group>";
		};
		E49A6629294988950093E529 /* Products */ = {
			isa = PBXGroup;
			children = (
				E49A6628294988950093E529 /* Plant Shop Local.app */,
			);
			name = Products;
			sourceTree = "<group>";
		};
		E49A662A294988950093E529 /* Plant Shop Local */ = {
			isa = PBXGroup;
			children = (
				E49A663929498AC30093E529 /* GoogleService-Info.plist */,
				E49A662B294988950093E529 /* Plant_Shop_LocalApp.swift */,
				E49A662D294988950093E529 /* ContentView.swift */,
				E49A663F294993920093E529 /* Model */,
				E49A663E294993890093E529 /* View */,
				E4BB57A92949B829008379DD /* Components */,
				E49A662F294988960093E529 /* Assets.xcassets */,
				E49A6631294988960093E529 /* Preview Content */,
			);
			path = "Plant Shop Local";
			sourceTree = "<group>";
		};
		E49A6631294988960093E529 /* Preview Content */ = {
			isa = PBXGroup;
			children = (
				E49A6632294988960093E529 /* Preview Assets.xcassets */,
			);
			path = "Preview Content";
			sourceTree = "<group>";
		};
		E49A663E294993890093E529 /* View */ = {
			isa = PBXGroup;
			children = (
				E43BB95E294B4F25009476AA /* Helpers */,
				E43BB95D294B4F16009476AA /* MainView */,
				E43BB95C294B4F03009476AA /* Login */,
				E49A6642294994460093E529 /* LoadingView.swift */,
			);
			path = View;
			sourceTree = "<group>";
		};
		E49A663F294993920093E529 /* Model */ = {
			isa = PBXGroup;
			children = (
				E4BB57AA2949B864008379DD /* CartManager.swift */,
				E49A6644294994600093E529 /* User.swift */,
				E4BB57BE2949B9E8008379DD /* Product.swift */,
			);
			path = Model;
			sourceTree = "<group>";
		};
		E49A6646294995CC0093E529 /* Frameworks */ = {
			isa = PBXGroup;
			children = (
			);
			name = Frameworks;
			sourceTree = "<group>";
		};
		E4BB57A92949B829008379DD /* Components */ = {
			isa = PBXGroup;
			children = (
				E4BB57B02949B879008379DD /* CartButton.swift */,
				E4BB57AE2949B878008379DD /* ProductCard.swift */,
				E4BB57AF2949B879008379DD /* ProductRow.swift */,
				E4BB57AC2949B878008379DD /* Stars.swift */,
				E4BB57C0294A1744008379DD /* Extention+View.swift */,
			);
			path = Components;
			sourceTree = "<group>";
		};
/* End PBXGroup section */

/* Begin PBXNativeTarget section */
		E49A6627294988950093E529 /* Plant Shop Local */ = {
			isa = PBXNativeTarget;
			buildConfigurationList = E49A6636294988960093E529 /* Build configuration list for PBXNativeTarget "Plant Shop Local" */;
			buildPhases = (
				E49A6624294988950093E529 /* Sources */,
				E49A6625294988950093E529 /* Frameworks */,
				E49A6626294988950093E529 /* Resources */,
			);
			buildRules = (
			);
			dependencies = (
			);
			name = "Plant Shop Local";
			packageProductDependencies = (
				E49A663C294993600093E529 /* FirebaseAuth */,
				E49A6647294995CC0093E529 /* FirebaseFirestore */,
				E49A6649294995CC0093E529 /* FirebaseFirestoreSwift */,
				E49A664B294995CC0093E529 /* FirebaseStorage */,
				E43BB95A294B4EC9009476AA /* SDWebImageSwiftUI */,
			);
			productName = "Plant Shop Local";
			productReference = E49A6628294988950093E529 /* Plant Shop Local.app */;
			productType = "com.apple.product-type.application";
		};
/* End PBXNativeTarget section */

/* Begin PBXProject section */
		E49A6620294988950093E529 /* Project object */ = {
			isa = PBXProject;
			attributes = {
				BuildIndependentTargetsInParallel = 1;
				LastSwiftUpdateCheck = 1410;
				LastUpgradeCheck = 1410;
				TargetAttributes = {
					E49A6627294988950093E529 = {
						CreatedOnToolsVersion = 14.1;
					};
				};
			};
			buildConfigurationList = E49A6623294988950093E529 /* Build configuration list for PBXProject "Plant Shop Local" */;
			compatibilityVersion = "Xcode 14.0";
			developmentRegion = en;
			hasScannedForEncodings = 0;
			knownRegions = (
				en,
				Base,
			);
			mainGroup = E49A661F294988950093E529;
			packageReferences = (
				E49A663B294993600093E529 /* XCRemoteSwiftPackageReference "firebase-ios-sdk" */,
				E43BB959294B4EC8009476AA /* XCRemoteSwiftPackageReference "SDWebImageSwiftUI" */,
			);
			productRefGroup = E49A6629294988950093E529 /* Products */;
			projectDirPath = "";
			projectRoot = "";
			targets = (
				E49A6627294988950093E529 /* Plant Shop Local */,
			);
		};
/* End PBXProject section */

/* Begin PBXResourcesBuildPhase section */
		E49A6626294988950093E529 /* Resources */ = {
			isa = PBXResourcesBuildPhase;
			buildActionMask = 2147483647;
			files = (
				E49A6633294988960093E529 /* Preview Assets.xcassets in Resources */,
				E49A6630294988960093E529 /* Assets.xcassets in Resources */,
				E49A663A29498AC30093E529 /* GoogleService-Info.plist in Resources */,
			);
			runOnlyForDeploymentPostprocessing = 0;
		};
/* End PBXResourcesBuildPhase section */

/* Begin PBXSourcesBuildPhase section */
		E49A6624294988950093E529 /* Sources */ = {
			isa = PBXSourcesBuildPhase;
			buildActionMask = 2147483647;
			files = (
				E4BB57C1294A1744008379DD /* Extention+View.swift in Sources */,
				E43BB966294B5011009476AA /* MainView.swift in Sources */,
				E49A6643294994460093E529 /* LoadingView.swift in Sources */,
				E4BB57BB2949B8D3008379DD /* HomeView.swift in Sources */,
				E4BB57BF2949B9E8008379DD /* Product.swift in Sources */,
				E4BB57AB2949B864008379DD /* CartManager.swift in Sources */,
				E4BB57BA2949B8D3008379DD /* CartView.swift in Sources */,
				E4BB57B42949B879008379DD /* ProductRow.swift in Sources */,
				E43BB96C294B5D71009476AA /* ShopText.swift in Sources */,
				E49A662E294988950093E529 /* ContentView.swift in Sources */,
				E43BB962294B4F7F009476AA /* RegisterView.swift in Sources */,
				E43BB968294B503C009476AA /* ReusableProfileContent.swift in Sources */,
				E4BB57B92949B8D3008379DD /* ProfileView.swift in Sources */,
				E43BB96A294B513C009476AA /* EditProfileView.swift in Sources */,
				E43BB964294B4FE6009476AA /* View+Extensions.swift in Sources */,
				E49A6645294994600093E529 /* User.swift in Sources */,
				E4BB57B12949B879008379DD /* Stars.swift in Sources */,
				E4BB57B32949B879008379DD /* ProductCard.swift in Sources */,
				E49A662C294988950093E529 /* Plant_Shop_LocalApp.swift in Sources */,
				E43BB960294B4F74009476AA /* LoginView.swift in Sources */,
				E4BB57B52949B879008379DD /* CartButton.swift in Sources */,
			);
			runOnlyForDeploymentPostprocessing = 0;
		};
/* End PBXSourcesBuildPhase section */

/* Begin XCBuildConfiguration section */
		E49A6634294988960093E529 /* Debug */ = {
			isa = XCBuildConfiguration;
			buildSettings = {
				ALWAYS_SEARCH_USER_PATHS = NO;
				CLANG_ANALYZER_NONNULL = YES;
				CLANG_ANALYZER_NUMBER_OBJECT_CONVERSION = YES_AGGRESSIVE;
				CLANG_CXX_LANGUAGE_STANDARD = "gnu++20";
				CLANG_ENABLE_MODULES = YES;
				CLANG_ENABLE_OBJC_ARC = YES;
				CLANG_ENABLE_OBJC_WEAK = YES;
				CLANG_WARN_BLOCK_CAPTURE_AUTORELEASING = YES;
				CLANG_WARN_BOOL_CONVERSION = YES;
				CLANG_WARN_COMMA = YES;
				CLANG_WARN_CONSTANT_CONVERSION = YES;
				CLANG_WARN_DEPRECATED_OBJC_IMPLEMENTATIONS = YES;
				CLANG_WARN_DIRECT_OBJC_ISA_USAGE = YES_ERROR;
				CLANG_WARN_DOCUMENTATION_COMMENTS = YES;
				CLANG_WARN_EMPTY_BODY = YES;
				CLANG_WARN_ENUM_CONVERSION = YES;
				CLANG_WARN_INFINITE_RECURSION = YES;
				CLANG_WARN_INT_CONVERSION = YES;
				CLANG_WARN_NON_LITERAL_NULL_CONVERSION = YES;
				CLANG_WARN_OBJC_IMPLICIT_RETAIN_SELF = YES;
				CLANG_WARN_OBJC_LITERAL_CONVERSION = YES;
				CLANG_WARN_OBJC_ROOT_CLASS = YES_ERROR;
				CLANG_WARN_QUOTED_INCLUDE_IN_FRAMEWORK_HEADER = YES;
				CLANG_WARN_RANGE_LOOP_ANALYSIS = YES;
				CLANG_WARN_STRICT_PROTOTYPES = YES;
				CLANG_WARN_SUSPICIOUS_MOVE = YES;
				CLANG_WARN_UNGUARDED_AVAILABILITY = YES_AGGRESSIVE;
				CLANG_WARN_UNREACHABLE_CODE = YES;
				CLANG_WARN__DUPLICATE_METHOD_MATCH = YES;
				COPY_PHASE_STRIP = NO;
				DEBUG_INFORMATION_FORMAT = dwarf;
				ENABLE_STRICT_OBJC_MSGSEND = YES;
				ENABLE_TESTABILITY = YES;
				GCC_C_LANGUAGE_STANDARD = gnu11;
				GCC_DYNAMIC_NO_PIC = NO;
				GCC_NO_COMMON_BLOCKS = YES;
				GCC_OPTIMIZATION_LEVEL = 0;
				GCC_PREPROCESSOR_DEFINITIONS = (
					"DEBUG=1",
					"$(inherited)",
				);
				GCC_WARN_64_TO_32_BIT_CONVERSION = YES;
				GCC_WARN_ABOUT_RETURN_TYPE = YES_ERROR;
				GCC_WARN_UNDECLARED_SELECTOR = YES;
				GCC_WARN_UNINITIALIZED_AUTOS = YES_AGGRESSIVE;
				GCC_WARN_UNUSED_FUNCTION = YES;
				GCC_WARN_UNUSED_VARIABLE = YES;
				IPHONEOS_DEPLOYMENT_TARGET = 16.1;
				MTL_ENABLE_DEBUG_INFO = INCLUDE_SOURCE;
				MTL_FAST_MATH = YES;
				ONLY_ACTIVE_ARCH = YES;
				SDKROOT = iphoneos;
				SWIFT_ACTIVE_COMPILATION_CONDITIONS = DEBUG;
				SWIFT_OPTIMIZATION_LEVEL = "-Onone";
			};
			name = Debug;
		};
		E49A6635294988960093E529 /* Release */ = {
			isa = XCBuildConfiguration;
			buildSettings = {
				ALWAYS_SEARCH_USER_PATHS = NO;
				CLANG_ANALYZER_NONNULL = YES;
				CLANG_ANALYZER_NUMBER_OBJECT_CONVERSION = YES_AGGRESSIVE;
				CLANG_CXX_LANGUAGE_STANDARD = "gnu++20";
				CLANG_ENABLE_MODULES = YES;
				CLANG_ENABLE_OBJC_ARC = YES;
				CLANG_ENABLE_OBJC_WEAK = YES;
				CLANG_WARN_BLOCK_CAPTURE_AUTORELEASING = YES;
				CLANG_WARN_BOOL_CONVERSION = YES;
				CLANG_WARN_COMMA = YES;
				CLANG_WARN_CONSTANT_CONVERSION = YES;
				CLANG_WARN_DEPRECATED_OBJC_IMPLEMENTATIONS = YES;
				CLANG_WARN_DIRECT_OBJC_ISA_USAGE = YES_ERROR;
				CLANG_WARN_DOCUMENTATION_COMMENTS = YES;
				CLANG_WARN_EMPTY_BODY = YES;
				CLANG_WARN_ENUM_CONVERSION = YES;
				CLANG_WARN_INFINITE_RECURSION = YES;
				CLANG_WARN_INT_CONVERSION = YES;
				CLANG_WARN_NON_LITERAL_NULL_CONVERSION = YES;
				CLANG_WARN_OBJC_IMPLICIT_RETAIN_SELF = YES;
				CLANG_WARN_OBJC_LITERAL_CONVERSION = YES;
				CLANG_WARN_OBJC_ROOT_CLASS = YES_ERROR;
				CLANG_WARN_QUOTED_INCLUDE_IN_FRAMEWORK_HEADER = YES;
				CLANG_WARN_RANGE_LOOP_ANALYSIS = YES;
				CLANG_WARN_STRICT_PROTOTYPES = YES;
				CLANG_WARN_SUSPICIOUS_MOVE = YES;
				CLANG_WARN_UNGUARDED_AVAILABILITY = YES_AGGRESSIVE;
				CLANG_WARN_UNREACHABLE_CODE = YES;
				CLANG_WARN__DUPLICATE_METHOD_MATCH = YES;
				COPY_PHASE_STRIP = NO;
				DEBUG_INFORMATION_FORMAT = "dwarf-with-dsym";
				ENABLE_NS_ASSERTIONS = NO;
				ENABLE_STRICT_OBJC_MSGSEND = YES;
				GCC_C_LANGUAGE_STANDARD = gnu11;
				GCC_NO_COMMON_BLOCKS = YES;
				GCC_WARN_64_TO_32_BIT_CONVERSION = YES;
				GCC_WARN_ABOUT_RETURN_TYPE = YES_ERROR;
				GCC_WARN_UNDECLARED_SELECTOR = YES;
				GCC_WARN_UNINITIALIZED_AUTOS = YES_AGGRESSIVE;
				GCC_WARN_UNUSED_FUNCTION = YES;
				GCC_WARN_UNUSED_VARIABLE = YES;
				IPHONEOS_DEPLOYMENT_TARGET = 16.1;
				MTL_ENABLE_DEBUG_INFO = NO;
				MTL_FAST_MATH = YES;
				SDKROOT = iphoneos;
				SWIFT_COMPILATION_MODE = wholemodule;
				SWIFT_OPTIMIZATION_LEVEL = "-O";
				VALIDATE_PRODUCT = YES;
			};
			name = Release;
		};
		E49A6637294988960093E529 /* Debug */ = {
			isa = XCBuildConfiguration;
			buildSettings = {
				ASSETCATALOG_COMPILER_APPICON_NAME = AppIcon;
				ASSETCATALOG_COMPILER_GLOBAL_ACCENT_COLOR_NAME = AccentColor;
				CODE_SIGN_STYLE = Automatic;
				CURRENT_PROJECT_VERSION = 1;
				DEVELOPMENT_ASSET_PATHS = "\"Plant Shop Local/Preview Content\"";
				DEVELOPMENT_TEAM = 62UE764E85;
				ENABLE_PREVIEWS = YES;
				GENERATE_INFOPLIST_FILE = YES;
				INFOPLIST_KEY_UIApplicationSceneManifest_Generation = YES;
				INFOPLIST_KEY_UIApplicationSupportsIndirectInputEvents = YES;
				INFOPLIST_KEY_UILaunchScreen_Generation = YES;
				INFOPLIST_KEY_UISupportedInterfaceOrientations = UIInterfaceOrientationPortrait;
				INFOPLIST_KEY_UISupportedInterfaceOrientations_iPad = "UIInterfaceOrientationLandscapeLeft UIInterfaceOrientationLandscapeRight UIInterfaceOrientationPortrait UIInterfaceOrientationPortraitUpsideDown";
				LD_RUNPATH_SEARCH_PATHS = (
					"$(inherited)",
					"@executable_path/Frameworks",
				);
				MARKETING_VERSION = 1.0;
				PRODUCT_BUNDLE_IDENTIFIER = "com.benjiloya.Plant-Shop-Local";
				PRODUCT_NAME = "$(TARGET_NAME)";
				SUPPORTED_PLATFORMS = "iphoneos iphonesimulator";
				SUPPORTS_MACCATALYST = NO;
				SUPPORTS_MAC_DESIGNED_FOR_IPHONE_IPAD = NO;
				SWIFT_EMIT_LOC_STRINGS = YES;
				SWIFT_VERSION = 5.0;
				TARGETED_DEVICE_FAMILY = 1;
			};
			name = Debug;
		};
		E49A6638294988960093E529 /* Release */ = {
			isa = XCBuildConfiguration;
			buildSettings = {
				ASSETCATALOG_COMPILER_APPICON_NAME = AppIcon;
				ASSETCATALOG_COMPILER_GLOBAL_ACCENT_COLOR_NAME = AccentColor;
				CODE_SIGN_STYLE = Automatic;
				CURRENT_PROJECT_VERSION = 1;
				DEVELOPMENT_ASSET_PATHS = "\"Plant Shop Local/Preview Content\"";
				DEVELOPMENT_TEAM = 62UE764E85;
				ENABLE_PREVIEWS = YES;
				GENERATE_INFOPLIST_FILE = YES;
				INFOPLIST_KEY_UIApplicationSceneManifest_Generation = YES;
				INFOPLIST_KEY_UIApplicationSupportsIndirectInputEvents = YES;
				INFOPLIST_KEY_UILaunchScreen_Generation = YES;
				INFOPLIST_KEY_UISupportedInterfaceOrientations = UIInterfaceOrientationPortrait;
				INFOPLIST_KEY_UISupportedInterfaceOrientations_iPad = "UIInterfaceOrientationLandscapeLeft UIInterfaceOrientationLandscapeRight UIInterfaceOrientationPortrait UIInterfaceOrientationPortraitUpsideDown";
				LD_RUNPATH_SEARCH_PATHS = (
					"$(inherited)",
					"@executable_path/Frameworks",
				);
				MARKETING_VERSION = 1.0;
				PRODUCT_BUNDLE_IDENTIFIER = "com.benjiloya.Plant-Shop-Local";
				PRODUCT_NAME = "$(TARGET_NAME)";
				SUPPORTED_PLATFORMS = "iphoneos iphonesimulator";
				SUPPORTS_MACCATALYST = NO;
				SUPPORTS_MAC_DESIGNED_FOR_IPHONE_IPAD = NO;
				SWIFT_EMIT_LOC_STRINGS = YES;
				SWIFT_VERSION = 5.0;
				TARGETED_DEVICE_FAMILY = 1;
			};
			name = Release;
		};
/* End XCBuildConfiguration section */

/* Begin XCConfigurationList section */
		E49A6623294988950093E529 /* Build configuration list for PBXProject "Plant Shop Local" */ = {
			isa = XCConfigurationList;
			buildConfigurations = (
				E49A6634294988960093E529 /* Debug */,
				E49A6635294988960093E529 /* Release */,
			);
			defaultConfigurationIsVisible = 0;
			defaultConfigurationName = Release;
		};
		E49A6636294988960093E529 /* Build configuration list for PBXNativeTarget "Plant Shop Local" */ = {
			isa = XCConfigurationList;
			buildConfigurations = (
				E49A6637294988960093E529 /* Debug */,
				E49A6638294988960093E529 /* Release */,
			);
			defaultConfigurationIsVisible = 0;
			defaultConfigurationName = Release;
		};
/* End XCConfigurationList section */

/* Begin XCRemoteSwiftPackageReference section */
		E43BB959294B4EC8009476AA /* XCRemoteSwiftPackageReference "SDWebImageSwiftUI" */ = {
			isa = XCRemoteSwiftPackageReference;
			repositoryURL = "https://github.com/SDWebImage/SDWebImageSwiftUI";
			requirement = {
				branch = master;
				kind = branch;
			};
		};
		E49A663B294993600093E529 /* XCRemoteSwiftPackageReference "firebase-ios-sdk" */ = {
			isa = XCRemoteSwiftPackageReference;
			repositoryURL = "https://github.com/firebase/firebase-ios-sdk";
			requirement = {
				branch = master;
				kind = branch;
			};
		};
/* End XCRemoteSwiftPackageReference section */

/* Begin XCSwiftPackageProductDependency section */
		E43BB95A294B4EC9009476AA /* SDWebImageSwiftUI */ = {
			isa = XCSwiftPackageProductDependency;
			package = E43BB959294B4EC8009476AA /* XCRemoteSwiftPackageReference "SDWebImageSwiftUI" */;
			productName = SDWebImageSwiftUI;
		};
		E49A663C294993600093E529 /* FirebaseAuth */ = {
			isa = XCSwiftPackageProductDependency;
			package = E49A663B294993600093E529 /* XCRemoteSwiftPackageReference "firebase-ios-sdk" */;
			productName = FirebaseAuth;
		};
		E49A6647294995CC0093E529 /* FirebaseFirestore */ = {
			isa = XCSwiftPackageProductDependency;
			package = E49A663B294993600093E529 /* XCRemoteSwiftPackageReference "firebase-ios-sdk" */;
			productName = FirebaseFirestore;
		};
		E49A6649294995CC0093E529 /* FirebaseFirestoreSwift */ = {
			isa = XCSwiftPackageProductDependency;
			package = E49A663B294993600093E529 /* XCRemoteSwiftPackageReference "firebase-ios-sdk" */;
			productName = FirebaseFirestoreSwift;
		};
		E49A664B294995CC0093E529 /* FirebaseStorage */ = {
			isa = XCSwiftPackageProductDependency;
			package = E49A663B294993600093E529 /* XCRemoteSwiftPackageReference "firebase-ios-sdk" */;
			productName = FirebaseStorage;
		};
/* End XCSwiftPackageProductDependency section */
	};
	rootObject = E49A6620294988950093E529 /* Project object */;
}
